// !$*UTF8*$!
{
	archiveVersion = 1;
	classes = {
	};
	objectVersion = 46;
	objects = {

/* Begin PBXBuildFile section */
		D4E88831138B3AE600A20266 /* Cocoa.framework in Frameworks */ = {isa = PBXBuildFile; fileRef = D4E88830138B3AE600A20266 /* Cocoa.framework */; };
		D4E8883B138B3AE600A20266 /* InfoPlist.strings in Resources */ = {isa = PBXBuildFile; fileRef = D4E88839138B3AE600A20266 /* InfoPlist.strings */; };
		D4E8883E138B3AE600A20266 /* main.m in Sources */ = {isa = PBXBuildFile; fileRef = D4E8883D138B3AE600A20266 /* main.m */; };
		D4E88841138B3AE600A20266 /* Credits.rtf in Resources */ = {isa = PBXBuildFile; fileRef = D4E8883F138B3AE600A20266 /* Credits.rtf */; };
		D4E88844138B3AE600A20266 /* PyEmbedAppDelegate.m in Sources */ = {isa = PBXBuildFile; fileRef = D4E88843138B3AE600A20266 /* PyEmbedAppDelegate.m */; };
		D4E88847138B3AE600A20266 /* MainMenu.xib in Resources */ = {isa = PBXBuildFile; fileRef = D4E88845138B3AE600A20266 /* MainMenu.xib */; };
/* End PBXBuildFile section */

/* Begin PBXFileReference section */
		D4E8882C138B3AE500A20266 /* PyEmbed.app */ = {isa = PBXFileReference; explicitFileType = wrapper.application; includeInIndex = 0; path = PyEmbed.app; sourceTree = BUILT_PRODUCTS_DIR; };
		D4E88830138B3AE600A20266 /* Cocoa.framework */ = {isa = PBXFileReference; lastKnownFileType = wrapper.framework; name = Cocoa.framework; path = System/Library/Frameworks/Cocoa.framework; sourceTree = SDKROOT; };
		D4E88833138B3AE600A20266 /* AppKit.framework */ = {isa = PBXFileReference; lastKnownFileType = wrapper.framework; name = AppKit.framework; path = System/Library/Frameworks/AppKit.framework; sourceTree = SDKROOT; };
		D4E88834138B3AE600A20266 /* CoreData.framework */ = {isa = PBXFileReference; lastKnownFileType = wrapper.framework; name = CoreData.framework; path = System/Library/Frameworks/CoreData.framework; sourceTree = SDKROOT; };
		D4E88835138B3AE600A20266 /* Foundation.framework */ = {isa = PBXFileReference; lastKnownFileType = wrapper.framework; name = Foundation.framework; path = System/Library/Frameworks/Foundation.framework; sourceTree = SDKROOT; };
		D4E88838138B3AE600A20266 /* PyEmbed-Info.plist */ = {isa = PBXFileReference; lastKnownFileType = text.plist.xml; path = "PyEmbed-Info.plist"; sourceTree = "<group>"; };
		D4E8883A138B3AE600A20266 /* en */ = {isa = PBXFileReference; lastKnownFileType = text.plist.strings; name = en; path = en.lproj/InfoPlist.strings; sourceTree = "<group>"; };
		D4E8883C138B3AE600A20266 /* PyEmbed-Prefix.pch */ = {isa = PBXFileReference; lastKnownFileType = sourcecode.c.h; path = "PyEmbed-Prefix.pch"; sourceTree = "<group>"; };
		D4E8883D138B3AE600A20266 /* main.m */ = {isa = PBXFileReference; lastKnownFileType = sourcecode.c.objc; path = main.m; sourceTree = "<group>"; };
		D4E88840138B3AE600A20266 /* en */ = {isa = PBXFileReference; lastKnownFileType = text.rtf; name = en; path = en.lproj/Credits.rtf; sourceTree = "<group>"; };
		D4E88842138B3AE600A20266 /* PyEmbedAppDelegate.h */ = {isa = PBXFileReference; lastKnownFileType = sourcecode.c.h; path = PyEmbedAppDelegate.h; sourceTree = "<group>"; };
		D4E88843138B3AE600A20266 /* PyEmbedAppDelegate.m */ = {isa = PBXFileReference; lastKnownFileType = sourcecode.c.objc; path = PyEmbedAppDelegate.m; sourceTree = "<group>"; };
		D4E88846138B3AE600A20266 /* en */ = {isa = PBXFileReference; lastKnownFileType = file.xib; name = en; path = en.lproj/MainMenu.xib; sourceTree = "<group>"; };
/* End PBXFileReference section */

/* Begin PBXFrameworksBuildPhase section */
		D4E88829138B3AE500A20266 /* Frameworks */ = {
			isa = PBXFrameworksBuildPhase;
			buildActionMask = 2147483647;
			files = (
				D4E88831138B3AE600A20266 /* Cocoa.framework in Frameworks */,
			);
			runOnlyForDeploymentPostprocessing = 0;
		};
/* End PBXFrameworksBuildPhase section */

/* Begin PBXGroup section */
		D4E88821138B3AE500A20266 = {
			isa = PBXGroup;
			children = (
				D4E88836138B3AE600A20266 /* PyEmbed */,
				D4E8882F138B3AE600A20266 /* Frameworks */,
				D4E8882D138B3AE500A20266 /* Products */,
			);
			sourceTree = "<group>";
		};
		D4E8882D138B3AE500A20266 /* Products */ = {
			isa = PBXGroup;
			children = (
				D4E8882C138B3AE500A20266 /* PyEmbed.app */,
			);
			name = Products;
			sourceTree = "<group>";
		};
		D4E8882F138B3AE600A20266 /* Frameworks */ = {
			isa = PBXGroup;
			children = (
				D4E88830138B3AE600A20266 /* Cocoa.framework */,
				D4E88832138B3AE600A20266 /* Other Frameworks */,
			);
			name = Frameworks;
			sourceTree = "<group>";
		};
		D4E88832138B3AE600A20266 /* Other Frameworks */ = {
			isa = PBXGroup;
			children = (
				D4E88833138B3AE600A20266 /* AppKit.framework */,
				D4E88834138B3AE600A20266 /* CoreData.framework */,
				D4E88835138B3AE600A20266 /* Foundation.framework */,
			);
			name = "Other Frameworks";
			sourceTree = "<group>";
		};
		D4E88836138B3AE600A20266 /* PyEmbed */ = {
			isa = PBXGroup;
			children = (
				D4E88842138B3AE600A20266 /* PyEmbedAppDelegate.h */,
				D4E88843138B3AE600A20266 /* PyEmbedAppDelegate.m */,
				D4E88845138B3AE600A20266 /* MainMenu.xib */,
				D4E88837138B3AE600A20266 /* Supporting Files */,
			);
			path = PyEmbed;
			sourceTree = "<group>";
		};
		D4E88837138B3AE600A20266 /* Supporting Files */ = {
			isa = PBXGroup;
			children = (
				D4E88838138B3AE600A20266 /* PyEmbed-Info.plist */,
				D4E88839138B3AE600A20266 /* InfoPlist.strings */,
				D4E8883C138B3AE600A20266 /* PyEmbed-Prefix.pch */,
				D4E8883D138B3AE600A20266 /* main.m */,
				D4E8883F138B3AE600A20266 /* Credits.rtf */,
			);
			name = "Supporting Files";
			sourceTree = "<group>";
		};
/* End PBXGroup section */

/* Begin PBXNativeTarget section */
		D4E8882B138B3AE500A20266 /* PyEmbed */ = {
			isa = PBXNativeTarget;
			buildConfigurationList = D4E8884A138B3AE600A20266 /* Build configuration list for PBXNativeTarget "PyEmbed" */;
			buildPhases = (
				D4E88828138B3AE500A20266 /* Sources */,
				D4E88829138B3AE500A20266 /* Frameworks */,
				D4E8882A138B3AE500A20266 /* Resources */,
			);
			buildRules = (
			);
			dependencies = (
			);
			name = PyEmbed;
			productName = PyEmbed;
			productReference = D4E8882C138B3AE500A20266 /* PyEmbed.app */;
			productType = "com.apple.product-type.application";
		};
/* End PBXNativeTarget section */

/* Begin PBXProject section */
		D4E88823138B3AE500A20266 /* Project object */ = {
			isa = PBXProject;
			buildConfigurationList = D4E88826138B3AE500A20266 /* Build configuration list for PBXProject "PyEmbed" */;
			compatibilityVersion = "Xcode 3.2";
			developmentRegion = English;
			hasScannedForEncodings = 0;
			knownRegions = (
				en,
			);
			mainGroup = D4E88821138B3AE500A20266;
			productRefGroup = D4E8882D138B3AE500A20266 /* Products */;
			projectDirPath = "";
			projectRoot = "";
			targets = (
				D4E8882B138B3AE500A20266 /* PyEmbed */,
			);
		};
/* End PBXProject section */

/* Begin PBXResourcesBuildPhase section */
		D4E8882A138B3AE500A20266 /* Resources */ = {
			isa = PBXResourcesBuildPhase;
			buildActionMask = 2147483647;
			files = (
				D4E8883B138B3AE600A20266 /* InfoPlist.strings in Resources */,
				D4E88841138B3AE600A20266 /* Credits.rtf in Resources */,
				D4E88847138B3AE600A20266 /* MainMenu.xib in Resources */,
			);
			runOnlyForDeploymentPostprocessing = 0;
		};
/* End PBXResourcesBuildPhase section */

/* Begin PBXSourcesBuildPhase section */
		D4E88828138B3AE500A20266 /* Sources */ = {
			isa = PBXSourcesBuildPhase;
			buildActionMask = 2147483647;
			files = (
				D4E8883E138B3AE600A20266 /* main.m in Sources */,
				D4E88844138B3AE600A20266 /* PyEmbedAppDelegate.m in Sources */,
			);
			runOnlyForDeploymentPostprocessing = 0;
		};
/* End PBXSourcesBuildPhase section */

/* Begin PBXVariantGroup section */
		D4E88839138B3AE600A20266 /* InfoPlist.strings */ = {
			isa = PBXVariantGroup;
			children = (
				D4E8883A138B3AE600A20266 /* en */,
			);
			name = InfoPlist.strings;
			sourceTree = "<group>";
		};
		D4E8883F138B3AE600A20266 /* Credits.rtf */ = {
			isa = PBXVariantGroup;
			children = (
				D4E88840138B3AE600A20266 /* en */,
			);
			name = Credits.rtf;
			sourceTree = "<group>";
		};
		D4E88845138B3AE600A20266 /* MainMenu.xib */ = {
			isa = PBXVariantGroup;
			children = (
				D4E88846138B3AE600A20266 /* en */,
			);
			name = MainMenu.xib;
			sourceTree = "<group>";
		};
/* End PBXVariantGroup section */

/* Begin XCBuildConfiguration section */
		D4E88848138B3AE600A20266 /* Debug */ = {
			isa = XCBuildConfiguration;
			buildSettings = {
				ARCHS = "$(ARCHS_STANDARD_32_64_BIT)";
				GCC_C_LANGUAGE_STANDARD = gnu99;
				GCC_OPTIMIZATION_LEVEL = 0;
				GCC_PREPROCESSOR_DEFINITIONS = DEBUG;
				GCC_SYMBOLS_PRIVATE_EXTERN = NO;
				GCC_VERSION = com.apple.compilers.llvm.clang.1_0;
				GCC_WARN_64_TO_32_BIT_CONVERSION = YES;
				GCC_WARN_ABOUT_RETURN_TYPE = YES;
				GCC_WARN_UNUSED_VARIABLE = YES;
				MACOSX_DEPLOYMENT_TARGET = 10.6;
				ONLY_ACTIVE_ARCH = YES;
				SDKROOT = macosx;
			};
			name = Debug;
		};
		D4E88849138B3AE600A20266 /* Release */ = {
			isa = XCBuildConfiguration;
			buildSettings = {
				ARCHS = "$(ARCHS_STANDARD_32_64_BIT)";
				GCC_C_LANGUAGE_STANDARD = gnu99;
				GCC_VERSION = com.apple.compilers.llvm.clang.1_0;
				GCC_WARN_64_TO_32_BIT_CONVERSION = YES;
				GCC_WARN_ABOUT_RETURN_TYPE = YES;
				GCC_WARN_UNUSED_VARIABLE = YES;
				MACOSX_DEPLOYMENT_TARGET = 10.6;
				SDKROOT = macosx;
			};
			name = Release;
		};
		D4E8884B138B3AE600A20266 /* Debug */ = {
			isa = XCBuildConfiguration;
			buildSettings = {
				ALWAYS_SEARCH_USER_PATHS = NO;
				COPY_PHASE_STRIP = NO;
				GCC_DYNAMIC_NO_PIC = NO;
				GCC_ENABLE_OBJC_EXCEPTIONS = YES;
				GCC_PRECOMPILE_PREFIX_HEADER = YES;
				GCC_PREFIX_HEADER = "PyEmbed/PyEmbed-Prefix.pch";
				INFOPLIST_FILE = "PyEmbed/PyEmbed-Info.plist";
				PRODUCT_NAME = "$(TARGET_NAME)";
				WRAPPER_EXTENSION = app;
			};
			name = Debug;
		};
		D4E8884C138B3AE600A20266 /* Release */ = {
			isa = XCBuildConfiguration;
			buildSettings = {
				ALWAYS_SEARCH_USER_PATHS = NO;
				COPY_PHASE_STRIP = YES;
				DEBUG_INFORMATION_FORMAT = "dwarf-with-dsym";
				GCC_ENABLE_OBJC_EXCEPTIONS = YES;
				GCC_PRECOMPILE_PREFIX_HEADER = YES;
				GCC_PREFIX_HEADER = "PyEmbed/PyEmbed-Prefix.pch";
				INFOPLIST_FILE = "PyEmbed/PyEmbed-Info.plist";
				PRODUCT_NAME = "$(TARGET_NAME)";
				WRAPPER_EXTENSION = app;
			};
			name = Release;
		};
/* End XCBuildConfiguration section */

/* Begin XCConfigurationList section */
		D4E88826138B3AE500A20266 /* Build configuration list for PBXProject "PyEmbed" */ = {
			isa = XCConfigurationList;
			buildConfigurations = (
				D4E88848138B3AE600A20266 /* Debug */,
				D4E88849138B3AE600A20266 /* Release */,
			);
			defaultConfigurationIsVisible = 0;
			defaultConfigurationName = Release;
		};
		D4E8884A138B3AE600A20266 /* Build configuration list for PBXNativeTarget "PyEmbed" */ = {
			isa = XCConfigurationList;
			buildConfigurations = (
				D4E8884B138B3AE600A20266 /* Debug */,
				D4E8884C138B3AE600A20266 /* Release */,
			);
			defaultConfigurationIsVisible = 0;
		};
/* End XCConfigurationList section */
	};
	rootObject = D4E88823138B3AE500A20266 /* Project object */;
}
